
Microsoft Visual Studio Solution File, Format Version 12.00
# Visual Studio 14
VisualStudioVersion = 14.0.25420.1
MinimumVisualStudioVersion = 10.0.40219.1
Project("{8BB2217D-0F2D-49D1-97BC-3654ED321F3B}") = "PolarisServer", "PolarisServer\PolarisServer.xproj", "{085E9274-34D6-4C7D-9E97-92DB76FF040A}"
EndProject
Project("{8BB2217D-0F2D-49D1-97BC-3654ED321F3B}") = "PolarisLib", "PolarisLib\PolarisLib.xproj", "{EE343089-6170-43B4-B2CA-65B1223EBC15}"
EndProject
Project("{8BB2217D-0F2D-49D1-97BC-3654ED321F3B}") = "PolarisTests", "PolarisTests\PolarisTests.xproj", "{CDC439B8-51B9-4606-98D3-BD2645528050}"
	ProjectSection(ProjectDependencies) = postProject
		{085E9274-34D6-4C7D-9E97-92DB76FF040A} = {085E9274-34D6-4C7D-9E97-92DB76FF040A}
		{EE343089-6170-43B4-B2CA-65B1223EBC15} = {EE343089-6170-43B4-B2CA-65B1223EBC15}
	EndProjectSection
EndProject
Global
	GlobalSection(SolutionConfigurationPlatforms) = preSolution
		Debug|Any CPU = Debug|Any CPU
		Release|Any CPU = Release|Any CPU
	EndGlobalSection
	GlobalSection(ProjectConfigurationPlatforms) = postSolution
		{085E9274-34D6-4C7D-9E97-92DB76FF040A}.Debug|Any CPU.ActiveCfg = Debug|Any CPU
		{085E9274-34D6-4C7D-9E97-92DB76FF040A}.Debug|Any CPU.Build.0 = Debug|Any CPU
		{085E9274-34D6-4C7D-9E97-92DB76FF040A}.Release|Any CPU.ActiveCfg = Release|Any CPU
		{085E9274-34D6-4C7D-9E97-92DB76FF040A}.Release|Any CPU.Build.0 = Release|Any CPU
		{EE343089-6170-43B4-B2CA-65B1223EBC15}.Debug|Any CPU.ActiveCfg = Debug|Any CPU
		{EE343089-6170-43B4-B2CA-65B1223EBC15}.Debug|Any CPU.Build.0 = Debug|Any CPU
		{EE343089-6170-43B4-B2CA-65B1223EBC15}.Release|Any CPU.ActiveCfg = Release|Any CPU
		{EE343089-6170-43B4-B2CA-65B1223EBC15}.Release|Any CPU.Build.0 = Release|Any CPU
		{CDC439B8-51B9-4606-98D3-BD2645528050}.Debug|Any CPU.ActiveCfg = Debug|Any CPU
		{CDC439B8-51B9-4606-98D3-BD2645528050}.Debug|Any CPU.Build.0 = Debug|Any CPU
		{CDC439B8-51B9-4606-98D3-BD2645528050}.Release|Any CPU.ActiveCfg = Release|Any CPU
		{CDC439B8-51B9-4606-98D3-BD2645528050}.Release|Any CPU.Build.0 = Release|Any CPU
	EndGlobalSection
	GlobalSection(SolutionProperties) = preSolution
		HideSolutionNode = FALSE
	EndGlobalSection
EndGlobal
